
Microsoft Visual Studio Solution File, Format Version 12.00
# Visual Studio Version 17
VisualStudioVersion = 17.0.31903.59
MinimumVisualStudioVersion = 10.0.40219.1
Project("{FAE04EC0-301F-11D3-BF4B-00C04F79EFBC}") = "CheckTheExam", "CheckTheExam\CheckTheExam.csproj", "{F1856369-37F3-4DC6-A3F4-E9BE20A2E2BF}"
EndProject
Project("{FAE04EC0-301F-11D3-BF4B-00C04F79EFBC}") = "Test", "Test\Test.csproj", "{7037E56F-072D-4DD1-930C-F35C900541F9}"
EndProject
Global
	GlobalSection(SolutionConfigurationPlatforms) = preSolution
		Debug|Any CPU = Debug|Any CPU
		Release|Any CPU = Release|Any CPU
	EndGlobalSection
	GlobalSection(SolutionProperties) = preSolution
		HideSolutionNode = FALSE
	EndGlobalSection
	GlobalSection(ProjectConfigurationPlatforms) = postSolution
		{F1856369-37F3-4DC6-A3F4-E9BE20A2E2BF}.Debug|Any CPU.ActiveCfg = Debug|Any CPU
		{F1856369-37F3-4DC6-A3F4-E9BE20A2E2BF}.Debug|Any CPU.Build.0 = Debug|Any CPU
		{F1856369-37F3-4DC6-A3F4-E9BE20A2E2BF}.Release|Any CPU.ActiveCfg = Release|Any CPU
		{F1856369-37F3-4DC6-A3F4-E9BE20A2E2BF}.Release|Any CPU.Build.0 = Release|Any CPU
		{7037E56F-072D-4DD1-930C-F35C900541F9}.Debug|Any CPU.ActiveCfg = Debug|Any CPU
		{7037E56F-072D-4DD1-930C-F35C900541F9}.Debug|Any CPU.Build.0 = Debug|Any CPU
		{7037E56F-072D-4DD1-930C-F35C900541F9}.Release|Any CPU.ActiveCfg = Release|Any CPU
		{7037E56F-072D-4DD1-930C-F35C900541F9}.Release|Any CPU.Build.0 = Release|Any CPU
	EndGlobalSection
EndGlobal
